
Microsoft Visual Studio Solution File, Format Version 12.00
# Visual Studio Version 17
VisualStudioVersion = 17.4.33122.133
MinimumVisualStudioVersion = 10.0.40219.1
Project("{FAE04EC0-301F-11D3-BF4B-00C04F79EFBC}") = "androidApiLocald", "androidApiLocald\androidApiLocald.csproj", "{2AF80CD9-B41C-4399-8C42-CBA346A371E3}"
EndProject
Global
	GlobalSection(SolutionConfigurationPlatforms) = preSolution
		Debug|Any CPU = Debug|Any CPU
		Release|Any CPU = Release|Any CPU
	EndGlobalSection
	GlobalSection(ProjectConfigurationPlatforms) = postSolution
		{2AF80CD9-B41C-4399-8C42-CBA346A371E3}.Debug|Any CPU.ActiveCfg = Debug|Any CPU
		{2AF80CD9-B41C-4399-8C42-CBA346A371E3}.Debug|Any CPU.Build.0 = Debug|Any CPU
		{2AF80CD9-B41C-4399-8C42-CBA346A371E3}.Release|Any CPU.ActiveCfg = Release|Any CPU
		{2AF80CD9-B41C-4399-8C42-CBA346A371E3}.Release|Any CPU.Build.0 = Release|Any CPU
	EndGlobalSection
	GlobalSection(SolutionProperties) = preSolution
		HideSolutionNode = FALSE
	EndGlobalSection
	GlobalSection(ExtensibilityGlobals) = postSolution
		SolutionGuid = {0E7FED2E-F5F5-4C3C-9B6A-46209EE1DD3D}
	EndGlobalSection
EndGlobal
